{
  "name": "konnectionz-frontend",
  "version": "0.0.0",
  "lockfileVersion": 3,
  "requires": true,
  "packages": {
    "": {
      "name": "konnectionz-frontend",
      "version": "0.0.0",
      "dependencies": {
        "@dicebear/avataaars": "^9.4.2",
        "@dicebear/core": "^9.4.2",
        "vue": "^3.5.30",
        "vue-router": "^4.6.4"
      },
      "devDependencies": {
        "@types/node": "^24.12.0",
        "@vitejs/plugin-vue": "^6.0.5",
        "@vue/tsconfig": "^0.9.0",
        "typescript": "~5.9.3",
        "vite": "^8.0.1",
        "vue-tsc": "^3.2.5"
      }
    },
    "node_modules/@babel/helper-string-parser": {
      "version": "7.27.1",
      "resolved": "https://repos.blinfo.se:443/artifactory/api/npm/npm/@babel/helper-string-parser/-/helper-string-parser-7.27.1.tgz",
      "integrity": "sha1-VNp5YJerGc5n7Z+ItHuy7Ek2doc=",
      "license": "MIT",
      "engines": {
        "node": ">=6.9.0"
      }
    },
    "node_modules/@babel/helper-validator-identifier": {
      "version": "7.28.5",
      "resolved": "https://repos.blinfo.se:443/artifactory/api/npm/npm/@babel/helper-validator-identifier/-/helper-validator-identifier-7.28.5.tgz",
      "integrity": "sha1-AQtpOPq3y333SqK7wGqlA7j+X7Q=",
      "license": "MIT",
      "engines": {
        "node": ">=6.9.0"
      }
    },
    "node_modules/@babel/parser": {
      "version": "7.29.2",
      "resolved": "https://repos.blinfo.se:443/artifactory/api/npm/npm/@babel/parser/-/parser-7.29.2.tgz",
      "integrity": "sha1-WL1QuaeVHRNJiKGuF3o175pwO6E=",
      "license": "MIT",
      "dependencies": {
        "@babel/types": "^7.29.0"
      },
      "bin": {
        "parser": "bin/babel-parser.js"
      },
      "engines": {
        "node": ">=6.0.0"
      }
    },
    "node_modules/@babel/types": {
      "version": "7.29.0",
      "resolved": "https://repos.blinfo.se:443/artifactory/api/npm/npm/@babel/types/-/types-7.29.0.tgz",
      "integrity": "sha1-n1seg4xEbnLPPNS5GBUrjGBeN8c=",
      "license": "MIT",
      "dependencies": {
        "@babel/helper-string-parser": "^7.27.1",
        "@babel/helper-validator-identifier": "^7.28.5"
      },
      "engines": {
        "node": ">=6.9.0"
      }
    },
    "node_modules/@dicebear/avataaars": {
      "version": "9.4.2",
      "resolved": "https://repos.blinfo.se:443/artifactory/api/npm/npm/@dicebear/avataaars/-/avataaars-9.4.2.tgz",
      "integrity": "sha1-lMOx2GEB5K2RIq0PE88vesOcKq0=",
      "license": "See LICENSE file",
      "engines": {
        "node": ">=18.0.0"
      },
      "peerDependencies": {
        "@dicebear/core": "^9.0.0"
      }
    },
    "node_modules/@dicebear/core": {
      "version": "9.4.2",
      "resolved": "https://repos.blinfo.se:443/artifactory/api/npm/npm/@dicebear/core/-/core-9.4.2.tgz",
      "integrity": "sha1-jBXH7yDlmCKCQKD7+xc/400B8Ls=",
      "license": "MIT",
      "dependencies": {
        "@types/json-schema": "^7.0.15"
      },
      "engines": {
        "node": ">=18.0.0"
      }
    },
    "node_modules/@emnapi/core": {
      "version": "1.9.2",
      "resolved": "https://repos.blinfo.se:443/artifactory/api/npm/npm/@emnapi/core/-/core-1.9.2.tgz",
      "integrity": "sha1-OHAmXs/8c1LQHq1i2Ng9g1ii0DQ=",
      "dev": true,
      "license": "MIT",
      "optional": true,
      "peer": true,
      "dependencies": {
        "@emnapi/wasi-threads": "1.2.1",
        "tslib": "^2.4.0"
      }
    },
    "node_modules/@emnapi/runtime": {
      "version": "1.9.2",
      "resolved": "https://repos.blinfo.se:443/artifactory/api/npm/npm/@emnapi/runtime/-/runtime-1.9.2.tgz",
      "integrity": "sha1-i0aaPbFggXytsd6QUCEanR6oT6I=",
      "dev": true,
      "license": "MIT",
      "optional": true,
      "peer": true,
      "dependencies": {
        "tslib": "^2.4.0"
      }
    },
    "node_modules/@emnapi/wasi-threads": {
      "version": "1.2.1",
      "resolved": "https://repos.blinfo.se:443/artifactory/api/npm/npm/@emnapi/wasi-threads/-/wasi-threads-1.2.1.tgz",
      "integrity": "sha1-KP7SGhuhznl8RKBwq8lNQvOuhUg=",
      "dev": true,
      "license": "MIT",
      "optional": true,
      "peer": true,
      "dependencies": {
        "tslib": "^2.4.0"
      }
    },
    "node_modules/@jridgewell/sourcemap-codec": {
      "version": "1.5.5",
      "resolved": "https://repos.blinfo.se:443/artifactory/api/npm/npm/@jridgewell/sourcemap-codec/-/sourcemap-codec-1.5.5.tgz",
      "integrity": "sha1-aRKwDSxjHA0Vzhp6tXzWV/Ko+Lo=",
      "license": "MIT"
    },
    "node_modules/@napi-rs/wasm-runtime": {
      "version": "1.1.2",
      "resolved": "https://repos.blinfo.se:443/artifactory/api/npm/npm/@napi-rs/wasm-runtime/-/wasm-runtime-1.1.2.tgz",
      "integrity": "sha1-4lRUtNRM+r0h0byAFwU1mHDjPsw=",
      "dev": true,
      "license": "MIT",
      "optional": true,
      "dependencies": {
        "@tybys/wasm-util": "^0.10.1"
      },
      "funding": {
        "type": "github",
        "url": "https://github.com/sponsors/Brooooooklyn"
      },
      "peerDependencies": {
        "@emnapi/core": "^1.7.1",
        "@emnapi/runtime": "^1.7.1"
      }
    },
    "node_modules/@oxc-project/types": {
      "version": "0.122.0",
      "resolved": "https://repos.blinfo.se:443/artifactory/api/npm/npm/@oxc-project/types/-/types-0.122.0.tgz",
      "integrity": "sha1-L053o7GDyHsqMmr/1wPvcbqDZgE=",
      "dev": true,
      "license": "MIT",
      "funding": {
        "url": "https://github.com/sponsors/Boshen"
      }
    },
    "node_modules/@rolldown/binding-android-arm64": {
      "version": "1.0.0-rc.12",
      "resolved": "https://repos.blinfo.se:443/artifactory/api/npm/npm/@rolldown/binding-android-arm64/-/binding-android-arm64-1.0.0-rc.12.tgz",
      "integrity": "sha1-Tmrwi4naAllsxdpLEFCCtoZz/+w=",
      "cpu": [
        "arm64"
      ],
      "dev": true,
      "license": "MIT",
      "optional": true,
      "os": [
        "android"
      ],
      "engines": {
        "node": "^20.19.0 || >=22.12.0"
      }
    },
    "node_modules/@rolldown/binding-darwin-arm64": {
      "version": "1.0.0-rc.12",
      "resolved": "https://repos.blinfo.se:443/artifactory/api/npm/npm/@rolldown/binding-darwin-arm64/-/binding-darwin-arm64-1.0.0-rc.12.tgz",
      "integrity": "sha1-oGiQ9Mm0j/D8l+2+38divvfP/XM=",
      "cpu": [
        "arm64"
      ],
      "dev": true,
      "license": "MIT",
      "optional": true,
      "os": [
        "darwin"
      ],
      "engines": {
        "node": "^20.19.0 || >=22.12.0"
      }
    },
    "node_modules/@rolldown/binding-darwin-x64": {
      "version": "1.0.0-rc.12",
      "resolved": "https://repos.blinfo.se:443/artifactory/api/npm/npm/@rolldown/binding-darwin-x64/-/binding-darwin-x64-1.0.0-rc.12.tgz",
      "integrity": "sha1-7d9qo+01CRcf4hcR8ejsjg/X7Ek=",
      "cpu": [
        "x64"
      ],
      "dev": true,
      "license": "MIT",
      "optional": true,
      "os": [
        "darwin"
      ],
      "engines": {
        "node": "^20.19.0 || >=22.12.0"
      }
    },
    "node_modules/@rolldown/binding-freebsd-x64": {
      "version": "1.0.0-rc.12",
      "resolved": "https://repos.blinfo.se:443/artifactory/api/npm/npm/@rolldown/binding-freebsd-x64/-/binding-freebsd-x64-1.0.0-rc.12.tgz",
      "integrity": "sha1-IQLf7Rn9HxtTQ1/KrwvGESmiZqM=",
      "cpu": [
        "x64"
      ],
      "dev": true,
      "license": "MIT",
      "optional": true,
      "os": [
        "freebsd"
      ],
      "engines": {
        "node": "^20.19.0 || >=22.12.0"
      }
    },
    "node_modules/@rolldown/binding-linux-arm-gnueabihf": {
      "version": "1.0.0-rc.12",
      "resolved": "https://repos.blinfo.se:443/artifactory/api/npm/npm/@rolldown/binding-linux-arm-gnueabihf/-/binding-linux-arm-gnueabihf-1.0.0-rc.12.tgz",
      "integrity": "sha1-ssE/QOmQ/R4ZNUkoUFNsdoyWGg8=",
      "cpu": [
        "arm"
      ],
      "dev": true,
      "license": "MIT",
      "optional": true,
      "os": [
        "linux"
      ],
      "engines": {
        "node": "^20.19.0 || >=22.12.0"
      }
    },
    "node_modules/@rolldown/binding-linux-arm64-gnu": {
      "version": "1.0.0-rc.12",
      "resolved": "https://repos.blinfo.se:443/artifactory/api/npm/npm/@rolldown/binding-linux-arm64-gnu/-/binding-linux-arm64-gnu-1.0.0-rc.12.tgz",
      "integrity": "sha1-Msqfd8HnaykTs9U9ICncFxwFMtY=",
      "cpu": [
        "arm64"
      ],
      "dev": true,
      "license": "MIT",
      "optional": true,
      "os": [
        "linux"
      ],
      "engines": {
        "node": "^20.19.0 || >=22.12.0"
      }
    },
    "node_modules/@rolldown/binding-linux-arm64-musl": {
      "version": "1.0.0-rc.12",
      "resolved": "https://repos.blinfo.se:443/artifactory/api/npm/npm/@rolldown/binding-linux-arm64-musl/-/binding-linux-arm64-musl-1.0.0-rc.12.tgz",
      "integrity": "sha1-9DN93VLw7TraIQW1nuG3V6LEhYw=",
      "cpu": [
        "arm64"
      ],
      "dev": true,
      "license": "MIT",
      "optional": true,
      "os": [
        "linux"
      ],
      "engines": {
        "node": "^20.19.0 || >=22.12.0"
      }
    },
    "node_modules/@rolldown/binding-linux-ppc64-gnu": {
      "version": "1.0.0-rc.12",
      "resolved": "https://repos.blinfo.se:443/artifactory/api/npm/npm/@rolldown/binding-linux-ppc64-gnu/-/binding-linux-ppc64-gnu-1.0.0-rc.12.tgz",
      "integrity": "sha1-Iv3RTLAO6CCMKKObq38ohg7GcF0=",
      "cpu": [
        "ppc64"
      ],
      "dev": true,
      "license": "MIT",
      "optional": true,
      "os": [
        "linux"
      ],
      "engines": {
        "node": "^20.19.0 || >=22.12.0"
      }
    },
    "node_modules/@rolldown/binding-linux-s390x-gnu": {
      "version": "1.0.0-rc.12",
      "resolved": "https://repos.blinfo.se:443/artifactory/api/npm/npm/@rolldown/binding-linux-s390x-gnu/-/binding-linux-s390x-gnu-1.0.0-rc.12.tgz",
      "integrity": "sha1-g4IVCW0d5tPVCeBBCAHLfNqBYf8=",
      "cpu": [
        "s390x"
      ],
      "dev": true,
      "license": "MIT",
      "optional": true,
      "os": [
        "linux"
      ],
      "engines": {
        "node": "^20.19.0 || >=22.12.0"
      }
    },
    "node_modules/@rolldown/binding-linux-x64-gnu": {
      "version": "1.0.0-rc.12",
      "resolved": "https://repos.blinfo.se:443/artifactory/api/npm/npm/@rolldown/binding-linux-x64-gnu/-/binding-linux-x64-gnu-1.0.0-rc.12.tgz",
      "integrity": "sha1-99cdl/a9QxmFlrJtwss2RYbhJnM=",
      "cpu": [
        "x64"
      ],
      "dev": true,
      "license": "MIT",
      "optional": true,
      "os": [
        "linux"
      ],
      "engines": {
        "node": "^20.19.0 || >=22.12.0"
      }
    },
    "node_modules/@rolldown/binding-linux-x64-musl": {
      "version": "1.0.0-rc.12",
      "resolved": "https://repos.blinfo.se:443/artifactory/api/npm/npm/@rolldown/binding-linux-x64-musl/-/binding-linux-x64-musl-1.0.0-rc.12.tgz",
      "integrity": "sha1-ospzfwGwrWIMTEBMoXbqPjrYBMM=",
      "cpu": [
        "x64"
      ],
      "dev": true,
      "license": "MIT",
      "optional": true,
      "os": [
        "linux"
      ],
      "engines": {
        "node": "^20.19.0 || >=22.12.0"
      }
    },
    "node_modules/@rolldown/binding-openharmony-arm64": {
      "version": "1.0.0-rc.12",
      "resolved": "https://repos.blinfo.se:443/artifactory/api/npm/npm/@rolldown/binding-openharmony-arm64/-/binding-openharmony-arm64-1.0.0-rc.12.tgz",
      "integrity": "sha1-9mMX4p6vzDAL7Xr43drCarOxv4I=",
      "cpu": [
        "arm64"
      ],
      "dev": true,
      "license": "MIT",
      "optional": true,
      "os": [
        "openharmony"
      ],
      "engines": {
        "node": "^20.19.0 || >=22.12.0"
      }
    },
    "node_modules/@rolldown/binding-wasm32-wasi": {
      "version": "1.0.0-rc.12",
      "resolved": "https://repos.blinfo.se:443/artifactory/api/npm/npm/@rolldown/binding-wasm32-wasi/-/binding-wasm32-wasi-1.0.0-rc.12.tgz",
      "integrity": "sha1-iCVSP9/6Hx3EaDvpZQ/6qeSnfwQ=",
      "cpu": [
        "wasm32"
      ],
      "dev": true,
      "license": "MIT",
      "optional": true,
      "dependencies": {
        "@napi-rs/wasm-runtime": "^1.1.1"
      },
      "engines": {
        "node": ">=14.0.0"
      }
    },
    "node_modules/@rolldown/binding-win32-arm64-msvc": {
      "version": "1.0.0-rc.12",
      "resolved": "https://repos.blinfo.se:443/artifactory/api/npm/npm/@rolldown/binding-win32-arm64-msvc/-/binding-win32-arm64-msvc-1.0.0-rc.12.tgz",
      "integrity": "sha1-TzoX49aKWDCcJ8CTCw95hsyr70c=",
      "cpu": [
        "arm64"
      ],
      "dev": true,
      "license": "MIT",
      "optional": true,
      "os": [
        "win32"
      ],
      "engines": {
        "node": "^20.19.0 || >=22.12.0"
      }
    },
    "node_modules/@rolldown/binding-win32-x64-msvc": {
      "version": "1.0.0-rc.12",
      "resolved": "https://repos.blinfo.se:443/artifactory/api/npm/npm/@rolldown/binding-win32-x64-msvc/-/binding-win32-x64-msvc-1.0.0-rc.12.tgz",
      "integrity": "sha1-12J2XVZgWYqWtXC1E/U1wVEnKYU=",
      "cpu": [
        "x64"
      ],
      "dev": true,
      "license": "MIT",
      "optional": true,
      "os": [
        "win32"
      ],
      "engines": {
        "node": "^20.19.0 || >=22.12.0"
      }
    },
    "node_modules/@rolldown/pluginutils": {
      "version": "1.0.0-rc.2",
      "resolved": "https://repos.blinfo.se:443/artifactory/api/npm/npm/@rolldown/pluginutils/-/pluginutils-1.0.0-rc.2.tgz",
      "integrity": "sha1-EDJOdMszlst7YWBC6n6eaqfY1Fg=",
      "dev": true,
      "license": "MIT"
    },
    "node_modules/@tybys/wasm-util": {
      "version": "0.10.1",
      "resolved": "https://repos.blinfo.se:443/artifactory/api/npm/npm/@tybys/wasm-util/-/wasm-util-0.10.1.tgz",
      "integrity": "sha1-7N3TIFzx4tUnRkn/Du3SmR7X9BQ=",
      "dev": true,
      "license": "MIT",
      "optional": true,
      "dependencies": {
        "tslib": "^2.4.0"
      }
    },
    "node_modules/@types/json-schema": {
      "version": "7.0.15",
      "resolved": "https://repos.blinfo.se:443/artifactory/api/npm/npm/@types/json-schema/-/json-schema-7.0.15.tgz",
      "integrity": "sha1-WWoXRyM2lNUPatinhp/Lb1bPWEE=",
      "license": "MIT"
    },
    "node_modules/@types/node": {
      "version": "24.12.2",
      "resolved": "https://repos.blinfo.se:443/artifactory/api/npm/npm/@types/node/-/node-24.12.2.tgz",
      "integrity": "sha1-NTyxYdvxeF6iXogpun7FdMXGKaw=",
      "dev": true,
      "license": "MIT",
      "dependencies": {
        "undici-types": "~7.16.0"
      }
    },
    "node_modules/@vitejs/plugin-vue": {
      "version": "6.0.5",
      "resolved": "https://repos.blinfo.se:443/artifactory/api/npm/npm/@vitejs/plugin-vue/-/plugin-vue-6.0.5.tgz",
      "integrity": "sha1-IOu0bE2gaXU9nPsTCcQzQhPMP3s=",
      "dev": true,
      "license": "MIT",
      "dependencies": {
        "@rolldown/pluginutils": "1.0.0-rc.2"
      },
      "engines": {
        "node": "^20.19.0 || >=22.12.0"
      },
      "peerDependencies": {
        "vite": "^5.0.0 || ^6.0.0 || ^7.0.0 || ^8.0.0",
        "vue": "^3.2.25"
      }
    },
    "node_modules/@volar/language-core": {
      "version": "2.4.28",
      "resolved": "https://repos.blinfo.se:443/artifactory/api/npm/npm/@volar/language-core/-/language-core-2.4.28.tgz",
      "integrity": "sha1-wh82WpHB3/6L1yZP1JF3DI10/vM=",
      "dev": true,
      "license": "MIT",
      "dependencies": {
        "@volar/source-map": "2.4.28"
      }
    },
    "node_modules/@volar/source-map": {
      "version": "2.4.28",
      "resolved": "https://repos.blinfo.se:443/artifactory/api/npm/npm/@volar/source-map/-/source-map-2.4.28.tgz",
      "integrity": "sha1-tAJU6MlhmeXx4Hlnd8WTxhetJw4=",
      "dev": true,
      "license": "MIT"
    },
    "node_modules/@volar/typescript": {
      "version": "2.4.28",
      "resolved": "https://repos.blinfo.se:443/artifactory/api/npm/npm/@volar/typescript/-/typescript-2.4.28.tgz",
      "integrity": "sha1-g/hjVuhOsQG4CBpEwQTy8s7YQR8=",
      "dev": true,
      "license": "MIT",
      "dependencies": {
        "@volar/language-core": "2.4.28",
        "path-browserify": "^1.0.1",
        "vscode-uri": "^3.0.8"
      }
    },
    "node_modules/@vue/compiler-core": {
      "version": "3.5.32",
      "resolved": "https://repos.blinfo.se:443/artifactory/api/npm/npm/@vue/compiler-core/-/compiler-core-3.5.32.tgz",
      "integrity": "sha1-URXKCZsE/t2PYj+TtSLZFMN2y+s=",
      "license": "MIT",
      "dependencies": {
        "@babel/parser": "^7.29.2",
        "@vue/shared": "3.5.32",
        "entities": "^7.0.1",
        "estree-walker": "^2.0.2",
        "source-map-js": "^1.2.1"
      }
    },
    "node_modules/@vue/compiler-dom": {
      "version": "3.5.32",
      "resolved": "https://repos.blinfo.se:443/artifactory/api/npm/npm/@vue/compiler-dom/-/compiler-dom-3.5.32.tgz",
      "integrity": "sha1-YGnq4vDRo4Jj6URfPB2hoG5fZTQ=",
      "license": "MIT",
      "dependencies": {
        "@vue/compiler-core": "3.5.32",
        "@vue/shared": "3.5.32"
      }
    },
    "node_modules/@vue/compiler-sfc": {
      "version": "3.5.32",
      "resolved": "https://repos.blinfo.se:443/artifactory/api/npm/npm/@vue/compiler-sfc/-/compiler-sfc-3.5.32.tgz",
      "integrity": "sha1-H0vvbU+/wMuCeKCNCMBaOv3b0sg=",
      "license": "MIT",
      "dependencies": {
        "@babel/parser": "^7.29.2",
        "@vue/compiler-core": "3.5.32",
        "@vue/compiler-dom": "3.5.32",
        "@vue/compiler-ssr": "3.5.32",
        "@vue/shared": "3.5.32",
        "estree-walker": "^2.0.2",
        "magic-string": "^0.30.21",
        "postcss": "^8.5.8",
        "source-map-js": "^1.2.1"
      }
    },
    "node_modules/@vue/compiler-ssr": {
      "version": "3.5.32",
      "resolved": "https://repos.blinfo.se:443/artifactory/api/npm/npm/@vue/compiler-ssr/-/compiler-ssr-3.5.32.tgz",
      "integrity": "sha1-VjKgk0y1jPiNz/FATs8GtaFvaBY=",
      "license": "MIT",
      "dependencies": {
        "@vue/compiler-dom": "3.5.32",
        "@vue/shared": "3.5.32"
      }
    },
    "node_modules/@vue/devtools-api": {
      "version": "6.6.4",
      "resolved": "https://repos.blinfo.se:443/artifactory/api/npm/npm/@vue/devtools-api/-/devtools-api-6.6.4.tgz",
      "integrity": "sha1-y+l/4BYrNl7cHbqA4XP5BJJTU0M=",
      "license": "MIT"
    },
    "node_modules/@vue/language-core": {
      "version": "3.2.6",
      "resolved": "https://repos.blinfo.se:443/artifactory/api/npm/npm/@vue/language-core/-/language-core-3.2.6.tgz",
      "integrity": "sha1-r+Sf5fIAnrCtr4CvcrAeCd4roPw=",
      "dev": true,
      "license": "MIT",
      "dependencies": {
        "@volar/language-core": "2.4.28",
        "@vue/compiler-dom": "^3.5.0",
        "@vue/shared": "^3.5.0",
        "alien-signals": "^3.0.0",
        "muggle-string": "^0.4.1",
        "path-browserify": "^1.0.1",
        "picomatch": "^4.0.2"
      }
    },
    "node_modules/@vue/reactivity": {
      "version": "3.5.32",
      "resolved": "https://repos.blinfo.se:443/artifactory/api/npm/npm/@vue/reactivity/-/reactivity-3.5.32.tgz",
      "integrity": "sha1-pMuXMJXq3hrm2JmuYLqQGdK9IfU=",
      "license": "MIT",
      "dependencies": {
        "@vue/shared": "3.5.32"
      }
    },
    "node_modules/@vue/runtime-core": {
      "version": "3.5.32",
      "resolved": "https://repos.blinfo.se:443/artifactory/api/npm/npm/@vue/runtime-core/-/runtime-core-3.5.32.tgz",
      "integrity": "sha1-eri8gyEIhqpNtp5dcvMRiGKP6dQ=",
      "license": "MIT",
      "dependencies": {
        "@vue/reactivity": "3.5.32",
        "@vue/shared": "3.5.32"
      }
    },
    "node_modules/@vue/runtime-dom": {
      "version": "3.5.32",
      "resolved": "https://repos.blinfo.se:443/artifactory/api/npm/npm/@vue/runtime-dom/-/runtime-dom-3.5.32.tgz",
      "integrity": "sha1-/ngVsl5V3zTGroKg0GvnnRNC188=",
      "license": "MIT",
      "dependencies": {
        "@vue/reactivity": "3.5.32",
        "@vue/runtime-core": "3.5.32",
        "@vue/shared": "3.5.32",
        "csstype": "^3.2.3"
      }
    },
    "node_modules/@vue/server-renderer": {
      "version": "3.5.32",
      "resolved": "https://repos.blinfo.se:443/artifactory/api/npm/npm/@vue/server-renderer/-/server-renderer-3.5.32.tgz",
      "integrity": "sha1-dFefZdJx4he97w32JHSzyKjbpVs=",
      "license": "MIT",
      "dependencies": {
        "@vue/compiler-ssr": "3.5.32",
        "@vue/shared": "3.5.32"
      },
      "peerDependencies": {
        "vue": "3.5.32"
      }
    },
    "node_modules/@vue/shared": {
      "version": "3.5.32",
      "resolved": "https://repos.blinfo.se:443/artifactory/api/npm/npm/@vue/shared/-/shared-3.5.32.tgz",
      "integrity": "sha1-3Yug1wm/P3WMMkqByIl7rV4VQM8=",
      "license": "MIT"
    },
    "node_modules/@vue/tsconfig": {
      "version": "0.9.1",
      "resolved": "https://repos.blinfo.se:443/artifactory/api/npm/npm/@vue/tsconfig/-/tsconfig-0.9.1.tgz",
      "integrity": "sha1-aqkB6fiSQrJuHlZMmHRyeN9oguU=",
      "dev": true,
      "license": "MIT",
      "peerDependencies": {
        "typescript": ">= 5.8",
        "vue": "^3.4.0"
      },
      "peerDependenciesMeta": {
        "typescript": {
          "optional": true
        },
        "vue": {
          "optional": true
        }
      }
    },
    "node_modules/alien-signals": {
      "version": "3.1.2",
      "resolved": "https://repos.blinfo.se:443/artifactory/api/npm/npm/alien-signals/-/alien-signals-3.1.2.tgz",
      "integrity": "sha1-JuYj4+2B5AHfGnxQP3JuIoik+gI=",
      "dev": true,
      "license": "MIT"
    },
    "node_modules/csstype": {
      "version": "3.2.3",
      "resolved": "https://repos.blinfo.se:443/artifactory/api/npm/npm/csstype/-/csstype-3.2.3.tgz",
      "integrity": "sha1-7EjA8+mT5QZIyG2lWeJhCZXPmJo=",
      "license": "MIT"
    },
    "node_modules/detect-libc": {
      "version": "2.1.2",
      "resolved": "https://repos.blinfo.se:443/artifactory/api/npm/npm/detect-libc/-/detect-libc-2.1.2.tgz",
      "integrity": "sha1-aJxdzcGQDvVYOky59te0c3QgdK0=",
      "dev": true,
      "license": "Apache-2.0",
      "engines": {
        "node": ">=8"
      }
    },
    "node_modules/entities": {
      "version": "7.0.1",
      "resolved": "https://repos.blinfo.se:443/artifactory/api/npm/npm/entities/-/entities-7.0.1.tgz",
      "integrity": "sha1-JuioiInbY0F9y5oeeaPxvJK1l2s=",
      "license": "BSD-2-Clause",
      "engines": {
        "node": ">=0.12"
      },
      "funding": {
        "url": "https://github.com/fb55/entities?sponsor=1"
      }
    },
    "node_modules/estree-walker": {
      "version": "2.0.2",
      "resolved": "https://repos.blinfo.se:443/artifactory/api/npm/npm/estree-walker/-/estree-walker-2.0.2.tgz",
      "integrity": "sha1-UvAQF4wqTBF6d1fP6UKtt9LaTKw=",
      "license": "MIT"
    },
    "node_modules/fdir": {
      "version": "6.5.0",
      "resolved": "https://repos.blinfo.se:443/artifactory/api/npm/npm/fdir/-/fdir-6.5.0.tgz",
      "integrity": "sha1-7Sq5Z6MxreYvGNB32uGSaE1Q01A=",
      "dev": true,
      "license": "MIT",
      "engines": {
        "node": ">=12.0.0"
      },
      "peerDependencies": {
        "picomatch": "^3 || ^4"
      },
      "peerDependenciesMeta": {
        "picomatch": {
          "optional": true
        }
      }
    },
    "node_modules/fsevents": {
      "version": "2.3.3",
      "resolved": "https://repos.blinfo.se:443/artifactory/api/npm/npm/fsevents/-/fsevents-2.3.3.tgz",
      "integrity": "sha1-ysZAd4XQNnWipeGlMFxpezR9kNY=",
      "dev": true,
      "hasInstallScript": true,
      "license": "MIT",
      "optional": true,
      "os": [
        "darwin"
      ],
      "engines": {
        "node": "^8.16.0 || ^10.6.0 || >=11.0.0"
      }
    },
    "node_modules/lightningcss": {
      "version": "1.32.0",
      "resolved": "https://repos.blinfo.se:443/artifactory/api/npm/npm/lightningcss/-/lightningcss-1.32.0.tgz",
      "integrity": "sha1-uFqulkhtyxv0mnyFcSISc/Tx5Kk=",
      "dev": true,
      "license": "MPL-2.0",
      "dependencies": {
        "detect-libc": "^2.0.3"
      },
      "engines": {
        "node": ">= 12.0.0"
      },
      "funding": {
        "type": "opencollective",
        "url": "https://opencollective.com/parcel"
      },
      "optionalDependencies": {
        "lightningcss-android-arm64": "1.32.0",
        "lightningcss-darwin-arm64": "1.32.0",
        "lightningcss-darwin-x64": "1.32.0",
        "lightningcss-freebsd-x64": "1.32.0",
        "lightningcss-linux-arm-gnueabihf": "1.32.0",
        "lightningcss-linux-arm64-gnu": "1.32.0",
        "lightningcss-linux-arm64-musl": "1.32.0",
        "lightningcss-linux-x64-gnu": "1.32.0",
        "lightningcss-linux-x64-musl": "1.32.0",
        "lightningcss-win32-arm64-msvc": "1.32.0",
        "lightningcss-win32-x64-msvc": "1.32.0"
      }
    },
    "node_modules/lightningcss-android-arm64": {
      "version": "1.32.0",
      "resolved": "https://repos.blinfo.se:443/artifactory/api/npm/npm/lightningcss-android-arm64/-/lightningcss-android-arm64-1.32.0.tgz",
      "integrity": "sha1-8DOIURbf79nG9UeHUj41FLYeGWg=",
      "cpu": [
        "arm64"
      ],
      "dev": true,
      "license": "MPL-2.0",
      "optional": true,
      "os": [
        "android"
      ],
      "engines": {
        "node": ">= 12.0.0"
      },
      "funding": {
        "type": "opencollective",
        "url": "https://opencollective.com/parcel"
      }
    },
    "node_modules/lightningcss-darwin-arm64": {
      "version": "1.32.0",
      "resolved": "https://repos.blinfo.se:443/artifactory/api/npm/npm/lightningcss-darwin-arm64/-/lightningcss-darwin-arm64-1.32.0.tgz",
      "integrity": "sha1-ULcYcbAcgZlYS2SeKSVH+up6+bU=",
      "cpu": [
        "arm64"
      ],
      "dev": true,
      "license": "MPL-2.0",
      "optional": true,
      "os": [
        "darwin"
      ],
      "engines": {
        "node": ">= 12.0.0"
      },
      "funding": {
        "type": "opencollective",
        "url": "https://opencollective.com/parcel"
      }
    },
    "node_modules/lightningcss-darwin-x64": {
      "version": "1.32.0",
      "resolved": "https://repos.blinfo.se:443/artifactory/api/npm/npm/lightningcss-darwin-x64/-/lightningcss-darwin-x64-1.32.0.tgz",
      "integrity": "sha1-NfPpczLRMLnKGB4RtWje1q68bV4=",
      "cpu": [
        "x64"
      ],
      "dev": true,
      "license": "MPL-2.0",
      "optional": true,
      "os": [
        "darwin"
      ],
      "engines": {
        "node": ">= 12.0.0"
      },
      "funding": {
        "type": "opencollective",
        "url": "https://opencollective.com/parcel"
      }
    },
    "node_modules/lightningcss-freebsd-x64": {
      "version": "1.32.0",
      "resolved": "https://repos.blinfo.se:443/artifactory/api/npm/npm/lightningcss-freebsd-x64/-/lightningcss-freebsd-x64-1.32.0.tgz",
      "integrity": "sha1-l3enZHK2Ttb/lDQq1kx7r9eUpXU=",
      "cpu": [
        "x64"
      ],
      "dev": true,
      "license": "MPL-2.0",
      "optional": true,
      "os": [
        "freebsd"
      ],
      "engines": {
        "node": ">= 12.0.0"
      },
      "funding": {
        "type": "opencollective",
        "url": "https://opencollective.com/parcel"
      }
    },
    "node_modules/lightningcss-linux-arm-gnueabihf": {
      "version": "1.32.0",
      "resolved": "https://repos.blinfo.se:443/artifactory/api/npm/npm/lightningcss-linux-arm-gnueabihf/-/lightningcss-linux-arm-gnueabihf-1.32.0.tgz",
      "integrity": "sha1-E65lLhq3O5E117faFy9mbEEK1T0=",
      "cpu": [
        "arm"
      ],
      "dev": true,
      "license": "MPL-2.0",
      "optional": true,
      "os": [
        "linux"
      ],
      "engines": {
        "node": ">= 12.0.0"
      },
      "funding": {
        "type": "opencollective",
        "url": "https://opencollective.com/parcel"
      }
    },
    "node_modules/lightningcss-linux-arm64-gnu": {
      "version": "1.32.0",
      "resolved": "https://repos.blinfo.se:443/artifactory/api/npm/npm/lightningcss-linux-arm64-gnu/-/lightningcss-linux-arm64-gnu-1.32.0.tgz",
      "integrity": "sha1-QXhYeVqUWS9oASOhsfnaig4e8zU=",
      "cpu": [
        "arm64"
      ],
      "dev": true,
      "license": "MPL-2.0",
      "optional": true,
      "os": [
        "linux"
      ],
      "engines": {
        "node": ">= 12.0.0"
      },
      "funding": {
        "type": "opencollective",
        "url": "https://opencollective.com/parcel"
      }
    },
    "node_modules/lightningcss-linux-arm64-musl": {
      "version": "1.32.0",
      "resolved": "https://repos.blinfo.se:443/artifactory/api/npm/npm/lightningcss-linux-arm64-musl/-/lightningcss-linux-arm64-musl-1.32.0.tgz",
      "integrity": "sha1-a+NmkugQtxgECAL9gJYjz/5zITM=",
      "cpu": [
        "arm64"
      ],
      "dev": true,
      "license": "MPL-2.0",
      "optional": true,
      "os": [
        "linux"
      ],
      "engines": {
        "node": ">= 12.0.0"
      },
      "funding": {
        "type": "opencollective",
        "url": "https://opencollective.com/parcel"
      }
    },
    "node_modules/lightningcss-linux-x64-gnu": {
      "version": "1.32.0",
      "resolved": "https://repos.blinfo.se:443/artifactory/api/npm/npm/lightningcss-linux-x64-gnu/-/lightningcss-linux-x64-gnu-1.32.0.tgz",
      "integrity": "sha1-C3gDr06yHP043Tn+Kru1PH3QkfY=",
      "cpu": [
        "x64"
      ],
      "dev": true,
      "license": "MPL-2.0",
      "optional": true,
      "os": [
        "linux"
      ],
      "engines": {
        "node": ">= 12.0.0"
      },
      "funding": {
        "type": "opencollective",
        "url": "https://opencollective.com/parcel"
      }
    },
    "node_modules/lightningcss-linux-x64-musl": {
      "version": "1.32.0",
      "resolved": "https://repos.blinfo.se:443/artifactory/api/npm/npm/lightningcss-linux-x64-musl/-/lightningcss-linux-x64-musl-1.32.0.tgz",
      "integrity": "sha1-iNyLqGXd3bGsXvBLDxYYBEGMFjs=",
      "cpu": [
        "x64"
      ],
      "dev": true,
      "license": "MPL-2.0",
      "optional": true,
      "os": [
        "linux"
      ],
      "engines": {
        "node": ">= 12.0.0"
      },
      "funding": {
        "type": "opencollective",
        "url": "https://opencollective.com/parcel"
      }
    },
    "node_modules/lightningcss-win32-arm64-msvc": {
      "version": "1.32.0",
      "resolved": "https://repos.blinfo.se:443/artifactory/api/npm/npm/lightningcss-win32-arm64-msvc/-/lightningcss-win32-arm64-msvc-1.32.0.tgz",
      "integrity": "sha1-TzC6P6XpJfW3n5RejMDRdsOxqzg=",
      "cpu": [
        "arm64"
      ],
      "dev": true,
      "license": "MPL-2.0",
      "optional": true,
      "os": [
        "win32"
      ],
      "engines": {
        "node": ">= 12.0.0"
      },
      "funding": {
        "type": "opencollective",
        "url": "https://opencollective.com/parcel"
      }
    },
    "node_modules/lightningcss-win32-x64-msvc": {
      "version": "1.32.0",
      "resolved": "https://repos.blinfo.se:443/artifactory/api/npm/npm/lightningcss-win32-x64-msvc/-/lightningcss-win32-x64-msvc-1.32.0.tgz",
      "integrity": "sha1-FBqlYFZFBkkokCu0rwRfp9n0Igo=",
      "cpu": [
        "x64"
      ],
      "dev": true,
      "license": "MPL-2.0",
      "optional": true,
      "os": [
        "win32"
      ],
      "engines": {
        "node": ">= 12.0.0"
      },
      "funding": {
        "type": "opencollective",
        "url": "https://opencollective.com/parcel"
      }
    },
    "node_modules/magic-string": {
      "version": "0.30.21",
      "resolved": "https://repos.blinfo.se:443/artifactory/api/npm/npm/magic-string/-/magic-string-0.30.21.tgz",
      "integrity": "sha1-VnY+wJoPqAkd8nh5/ZTRkHjADZE=",
      "license": "MIT",
      "dependencies": {
        "@jridgewell/sourcemap-codec": "^1.5.5"
      }
    },
    "node_modules/muggle-string": {
      "version": "0.4.1",
      "resolved": "https://repos.blinfo.se:443/artifactory/api/npm/npm/muggle-string/-/muggle-string-0.4.1.tgz",
      "integrity": "sha1-OzZr1Dsy+AncIGWVNN0w58ig0yg=",
      "dev": true,
      "license": "MIT"
    },
    "node_modules/nanoid": {
      "version": "3.3.11",
      "resolved": "https://repos.blinfo.se:443/artifactory/api/npm/npm/nanoid/-/nanoid-3.3.11.tgz",
      "integrity": "sha1-T08RLO++MDIC8hmYOBKJNiZtGFs=",
      "funding": [
        {
          "type": "github",
          "url": "https://github.com/sponsors/ai"
        }
      ],
      "license": "MIT",
      "bin": {
        "nanoid": "bin/nanoid.cjs"
      },
      "engines": {
        "node": "^10 || ^12 || ^13.7 || ^14 || >=15.0.1"
      }
    },
    "node_modules/path-browserify": {
      "version": "1.0.1",
      "resolved": "https://repos.blinfo.se:443/artifactory/api/npm/npm/path-browserify/-/path-browserify-1.0.1.tgz",
      "integrity": "sha1-2YRUqcN1PVeQhg8W9ohnueRr4f0=",
      "dev": true,
      "license": "MIT"
    },
    "node_modules/picocolors": {
      "version": "1.1.1",
      "resolved": "https://repos.blinfo.se:443/artifactory/api/npm/npm/picocolors/-/picocolors-1.1.1.tgz",
      "integrity": "sha1-PTIa8+q5ObCDyPkpodEs2oHCa2s=",
      "license": "ISC"
    },
    "node_modules/picomatch": {
      "version": "4.0.4",
      "resolved": "https://repos.blinfo.se:443/artifactory/api/npm/npm/picomatch/-/picomatch-4.0.4.tgz",
      "integrity": "sha1-/W9eAKFDCG4HTf/kySS4+yk7BYk=",
      "dev": true,
      "license": "MIT",
      "engines": {
        "node": ">=12"
      },
      "funding": {
        "url": "https://github.com/sponsors/jonschlinkert"
      }
    },
    "node_modules/postcss": {
      "version": "8.5.8",
      "resolved": "https://repos.blinfo.se:443/artifactory/api/npm/npm/postcss/-/postcss-8.5.8.tgz",
      "integrity": "sha1-YjDsyPsC56D2mC5TmQk3hX4T85k=",
      "funding": [
        {
          "type": "opencollective",
          "url": "https://opencollective.com/postcss/"
        },
        {
          "type": "tidelift",
          "url": "https://tidelift.com/funding/github/npm/postcss"
        },
        {
          "type": "github",
          "url": "https://github.com/sponsors/ai"
        }
      ],
      "license": "MIT",
      "dependencies": {
        "nanoid": "^3.3.11",
        "picocolors": "^1.1.1",
        "source-map-js": "^1.2.1"
      },
      "engines": {
        "node": "^10 || ^12 || >=14"
      }
    },
    "node_modules/rolldown": {
      "version": "1.0.0-rc.12",
      "resolved": "https://repos.blinfo.se:443/artifactory/api/npm/npm/rolldown/-/rolldown-1.0.0-rc.12.tgz",
      "integrity": "sha1-4ib6dKTCHHGhP45E93j4HViFOtU=",
      "dev": true,
      "license": "MIT",
      "dependencies": {
        "@oxc-project/types": "=0.122.0",
        "@rolldown/pluginutils": "1.0.0-rc.12"
      },
      "bin": {
        "rolldown": "bin/cli.mjs"
      },
      "engines": {
        "node": "^20.19.0 || >=22.12.0"
      },
      "optionalDependencies": {
        "@rolldown/binding-android-arm64": "1.0.0-rc.12",
        "@rolldown/binding-darwin-arm64": "1.0.0-rc.12",
        "@rolldown/binding-darwin-x64": "1.0.0-rc.12",
        "@rolldown/binding-freebsd-x64": "1.0.0-rc.12",
        "@rolldown/binding-linux-arm-gnueabihf": "1.0.0-rc.12",
        "@rolldown/binding-linux-arm64-gnu": "1.0.0-rc.12",
        "@rolldown/binding-linux-arm64-musl": "1.0.0-rc.12",
        "@rolldown/binding-linux-ppc64-gnu": "1.0.0-rc.12",
        "@rolldown/binding-linux-s390x-gnu": "1.0.0-rc.12",
        "@rolldown/binding-linux-x64-gnu": "1.0.0-rc.12",
        "@rolldown/binding-linux-x64-musl": "1.0.0-rc.12",
        "@rolldown/binding-openharmony-arm64": "1.0.0-rc.12",
        "@rolldown/binding-wasm32-wasi": "1.0.0-rc.12",
        "@rolldown/binding-win32-arm64-msvc": "1.0.0-rc.12",
        "@rolldown/binding-win32-x64-msvc": "1.0.0-rc.12"
      }
    },
    "node_modules/rolldown/node_modules/@rolldown/pluginutils": {
      "version": "1.0.0-rc.12",
      "resolved": "https://repos.blinfo.se:443/artifactory/api/npm/npm/@rolldown/pluginutils/-/pluginutils-1.0.0-rc.12.tgz",
      "integrity": "sha1-dBY67GL6Uc7hjWJwlIOWPc6z9tw=",
      "dev": true,
      "license": "MIT"
    },
    "node_modules/source-map-js": {
      "version": "1.2.1",
      "resolved": "https://repos.blinfo.se:443/artifactory/api/npm/npm/source-map-js/-/source-map-js-1.2.1.tgz",
      "integrity": "sha1-HOVlD93YerwJnto33P8CTCZnrkY=",
      "license": "BSD-3-Clause",
      "engines": {
        "node": ">=0.10.0"
      }
    },
    "node_modules/tinyglobby": {
      "version": "0.2.15",
      "resolved": "https://repos.blinfo.se:443/artifactory/api/npm/npm/tinyglobby/-/tinyglobby-0.2.15.tgz",
      "integrity": "sha1-4ijdHmOM6pk9L9tPzS1GAqeZUcI=",
      "dev": true,
      "license": "MIT",
      "dependencies": {
        "fdir": "^6.5.0",
        "picomatch": "^4.0.3"
      },
      "engines": {
        "node": ">=12.0.0"
      },
      "funding": {
        "url": "https://github.com/sponsors/SuperchupuDev"
      }
    },
    "node_modules/tslib": {
      "version": "2.8.1",
      "resolved": "https://repos.blinfo.se:443/artifactory/api/npm/npm/tslib/-/tslib-2.8.1.tgz",
      "integrity": "sha1-YS7+TtI11Wfoq6Xypfq3AoCt6D8=",
      "dev": true,
      "license": "0BSD",
      "optional": true
    },
    "node_modules/typescript": {
      "version": "5.9.3",
      "resolved": "https://repos.blinfo.se:443/artifactory/api/npm/npm/typescript/-/typescript-5.9.3.tgz",
      "integrity": "sha1-W09Z4VMQqxeiFvXWz1PuR27eZw8=",
      "devOptional": true,
      "license": "Apache-2.0",
      "bin": {
        "tsc": "bin/tsc",
        "tsserver": "bin/tsserver"
      },
      "engines": {
        "node": ">=14.17"
      }
    },
    "node_modules/undici-types": {
      "version": "7.16.0",
      "resolved": "https://repos.blinfo.se:443/artifactory/api/npm/npm/undici-types/-/undici-types-7.16.0.tgz",
      "integrity": "sha1-/8zf82rqSITL/OmnUKBYAiT1ikY=",
      "dev": true,
      "license": "MIT"
    },
    "node_modules/vite": {
      "version": "8.0.3",
      "resolved": "https://repos.blinfo.se:443/artifactory/api/npm/npm/vite/-/vite-8.0.3.tgz",
      "integrity": "sha1-A22eOwd/9XsShmCz46XS0Susm0I=",
      "dev": true,
      "license": "MIT",
      "dependencies": {
        "lightningcss": "^1.32.0",
        "picomatch": "^4.0.4",
        "postcss": "^8.5.8",
        "rolldown": "1.0.0-rc.12",
        "tinyglobby": "^0.2.15"
      },
      "bin": {
        "vite": "bin/vite.js"
      },
      "engines": {
        "node": "^20.19.0 || >=22.12.0"
      },
      "funding": {
        "url": "https://github.com/vitejs/vite?sponsor=1"
      },
      "optionalDependencies": {
        "fsevents": "~2.3.3"
      },
      "peerDependencies": {
        "@types/node": "^20.19.0 || >=22.12.0",
        "@vitejs/devtools": "^0.1.0",
        "esbuild": "^0.27.0",
        "jiti": ">=1.21.0",
        "less": "^4.0.0",
        "sass": "^1.70.0",
        "sass-embedded": "^1.70.0",
        "stylus": ">=0.54.8",
        "sugarss": "^5.0.0",
        "terser": "^5.16.0",
        "tsx": "^4.8.1",
        "yaml": "^2.4.2"
      },
      "peerDependenciesMeta": {
        "@types/node": {
          "optional": true
        },
        "@vitejs/devtools": {
          "optional": true
        },
        "esbuild": {
          "optional": true
        },
        "jiti": {
          "optional": true
        },
        "less": {
          "optional": true
        },
        "sass": {
          "optional": true
        },
        "sass-embedded": {
          "optional": true
        },
        "stylus": {
          "optional": true
        },
        "sugarss": {
          "optional": true
        },
        "terser": {
          "optional": true
        },
        "tsx": {
          "optional": true
        },
        "yaml": {
          "optional": true
        }
      }
    },
    "node_modules/vscode-uri": {
      "version": "3.1.0",
      "resolved": "https://repos.blinfo.se:443/artifactory/api/npm/npm/vscode-uri/-/vscode-uri-3.1.0.tgz",
      "integrity": "sha1-3QnsWmaji1w//8d0AVcTSW0U4Jw=",
      "dev": true,
      "license": "MIT"
    },
    "node_modules/vue": {
      "version": "3.5.32",
      "resolved": "https://repos.blinfo.se:443/artifactory/api/npm/npm/vue/-/vue-3.5.32.tgz",
      "integrity": "sha1-mny+sYGqSypxw+usSZVULPA1PeM=",
      "license": "MIT",
      "dependencies": {
        "@vue/compiler-dom": "3.5.32",
        "@vue/compiler-sfc": "3.5.32",
        "@vue/runtime-dom": "3.5.32",
        "@vue/server-renderer": "3.5.32",
        "@vue/shared": "3.5.32"
      },
      "peerDependencies": {
        "typescript": "*"
      },
      "peerDependenciesMeta": {
        "typescript": {
          "optional": true
        }
      }
    },
    "node_modules/vue-router": {
      "version": "4.6.4",
      "resolved": "https://repos.blinfo.se:443/artifactory/api/npm/npm/vue-router/-/vue-router-4.6.4.tgz",
      "integrity": "sha1-oKnLnvgRoQbSSeS7kxPShnGAINg=",
      "license": "MIT",
      "dependencies": {
        "@vue/devtools-api": "^6.6.4"
      },
      "funding": {
        "url": "https://github.com/sponsors/posva"
      },
      "peerDependencies": {
        "vue": "^3.5.0"
      }
    },
    "node_modules/vue-tsc": {
      "version": "3.2.6",
      "resolved": "https://repos.blinfo.se:443/artifactory/api/npm/npm/vue-tsc/-/vue-tsc-3.2.6.tgz",
      "integrity": "sha1-7+sSphZtUxME0uFgK1UCVDCb4V0=",
      "dev": true,
      "license": "MIT",
      "dependencies": {
        "@volar/typescript": "2.4.28",
        "@vue/language-core": "3.2.6"
      },
      "bin": {
        "vue-tsc": "bin/vue-tsc.js"
      },
      "peerDependencies": {
        "typescript": ">=5.0.0"
      }
    }
  }
}
